
Microsoft Visual Studio Solution File, Format Version 12.00
# Visual Studio Version 17
VisualStudioVersion = 17.3.32929.385
MinimumVisualStudioVersion = 10.0.40219.1
Project("{FAE04EC0-301F-11D3-BF4B-00C04F79EFBC}") = "MyFristDemo", "MyFristDemo\MyFristDemo.csproj", "{DD804215-AC33-4CC9-9821-FE4A939C8B81}"
EndProject
Global
	GlobalSection(SolutionConfigurationPlatforms) = preSolution
		Debug|Any CPU = Debug|Any CPU
		Release|Any CPU = Release|Any CPU
	EndGlobalSection
	GlobalSection(ProjectConfigurationPlatforms) = postSolution
		{DD804215-AC33-4CC9-9821-FE4A939C8B81}.Debug|Any CPU.ActiveCfg = Debug|Any CPU
		{DD804215-AC33-4CC9-9821-FE4A939C8B81}.Debug|Any CPU.Build.0 = Debug|Any CPU
		{DD804215-AC33-4CC9-9821-FE4A939C8B81}.Release|Any CPU.ActiveCfg = Release|Any CPU
		{DD804215-AC33-4CC9-9821-FE4A939C8B81}.Release|Any CPU.Build.0 = Release|Any CPU
	EndGlobalSection
	GlobalSection(SolutionProperties) = preSolution
		HideSolutionNode = FALSE
	EndGlobalSection
	GlobalSection(ExtensibilityGlobals) = postSolution
		SolutionGuid = {E4A0B506-C270-4C8F-BA2A-392AB94A5014}
	EndGlobalSection
EndGlobal
