
Microsoft Visual Studio Solution File, Format Version 12.00
# Visual Studio Version 17
VisualStudioVersion = 17.3.32929.385
MinimumVisualStudioVersion = 10.0.40219.1
Project("{9A19103F-16F7-4668-BE54-9A1E7A4F7556}") = "MyFristDemo", "MyFristDemo\MyFristDemo.csproj", "{90DD778B-D965-4F6D-8A9A-B6F27AC5E648}"
EndProject
Project("{9A19103F-16F7-4668-BE54-9A1E7A4F7556}") = "MySecondDemo", "MySecondDemo\MySecondDemo.csproj", "{9C9C0F40-2F6C-4FE3-BADF-EBE9482EB332}"
EndProject
Project("{9A19103F-16F7-4668-BE54-9A1E7A4F7556}") = "MyVar", "MyVar\MyVar.csproj", "{8C5D7B8D-722E-4285-AF52-0938F4F7B99C}"
EndProject
Project("{9A19103F-16F7-4668-BE54-9A1E7A4F7556}") = "OneDay", "OneDay\OneDay.csproj", "{A6A535E8-2F54-4B5E-A72E-EF0067271120}"
EndProject
<<<<<<< HEAD
Project("{9A19103F-16F7-4668-BE54-9A1E7A4F7556}") = "OneDayFrist", "OneDayFrist\OneDayFrist.csproj", "{47EF515F-9226-443A-8783-1A162338B17F}"
EndProject
Project("{FAE04EC0-301F-11D3-BF4B-00C04F79EFBC}") = "ThreeDay", "ThreeDay\ThreeDay.csproj", "{BB9CC5EF-E109-43C1-9D64-347F1D23ECB7}"
=======
Project("{FAE04EC0-301F-11D3-BF4B-00C04F79EFBC}") = "OneDayFrist", "OneDayFrist\OneDayFrist.csproj", "{47EF515F-9226-443A-8783-1A162338B17F}"
>>>>>>> 4339450d25ade55792a0424b80a348092c60335c
EndProject
Global
	GlobalSection(SolutionConfigurationPlatforms) = preSolution
		Debug|Any CPU = Debug|Any CPU
		Release|Any CPU = Release|Any CPU
	EndGlobalSection
	GlobalSection(ProjectConfigurationPlatforms) = postSolution
		{90DD778B-D965-4F6D-8A9A-B6F27AC5E648}.Debug|Any CPU.ActiveCfg = Debug|Any CPU
		{90DD778B-D965-4F6D-8A9A-B6F27AC5E648}.Debug|Any CPU.Build.0 = Debug|Any CPU
		{90DD778B-D965-4F6D-8A9A-B6F27AC5E648}.Release|Any CPU.ActiveCfg = Release|Any CPU
		{90DD778B-D965-4F6D-8A9A-B6F27AC5E648}.Release|Any CPU.Build.0 = Release|Any CPU
		{9C9C0F40-2F6C-4FE3-BADF-EBE9482EB332}.Debug|Any CPU.ActiveCfg = Debug|Any CPU
		{9C9C0F40-2F6C-4FE3-BADF-EBE9482EB332}.Debug|Any CPU.Build.0 = Debug|Any CPU
		{9C9C0F40-2F6C-4FE3-BADF-EBE9482EB332}.Release|Any CPU.ActiveCfg = Release|Any CPU
		{9C9C0F40-2F6C-4FE3-BADF-EBE9482EB332}.Release|Any CPU.Build.0 = Release|Any CPU
		{8C5D7B8D-722E-4285-AF52-0938F4F7B99C}.Debug|Any CPU.ActiveCfg = Debug|Any CPU
		{8C5D7B8D-722E-4285-AF52-0938F4F7B99C}.Debug|Any CPU.Build.0 = Debug|Any CPU
		{8C5D7B8D-722E-4285-AF52-0938F4F7B99C}.Release|Any CPU.ActiveCfg = Release|Any CPU
		{8C5D7B8D-722E-4285-AF52-0938F4F7B99C}.Release|Any CPU.Build.0 = Release|Any CPU
		{A6A535E8-2F54-4B5E-A72E-EF0067271120}.Debug|Any CPU.ActiveCfg = Debug|Any CPU
		{A6A535E8-2F54-4B5E-A72E-EF0067271120}.Debug|Any CPU.Build.0 = Debug|Any CPU
		{A6A535E8-2F54-4B5E-A72E-EF0067271120}.Release|Any CPU.ActiveCfg = Release|Any CPU
		{A6A535E8-2F54-4B5E-A72E-EF0067271120}.Release|Any CPU.Build.0 = Release|Any CPU
		{47EF515F-9226-443A-8783-1A162338B17F}.Debug|Any CPU.ActiveCfg = Debug|Any CPU
		{47EF515F-9226-443A-8783-1A162338B17F}.Debug|Any CPU.Build.0 = Debug|Any CPU
		{47EF515F-9226-443A-8783-1A162338B17F}.Release|Any CPU.ActiveCfg = Release|Any CPU
		{47EF515F-9226-443A-8783-1A162338B17F}.Release|Any CPU.Build.0 = Release|Any CPU
<<<<<<< HEAD
		{BB9CC5EF-E109-43C1-9D64-347F1D23ECB7}.Debug|Any CPU.ActiveCfg = Debug|Any CPU
		{BB9CC5EF-E109-43C1-9D64-347F1D23ECB7}.Debug|Any CPU.Build.0 = Debug|Any CPU
		{BB9CC5EF-E109-43C1-9D64-347F1D23ECB7}.Release|Any CPU.ActiveCfg = Release|Any CPU
		{BB9CC5EF-E109-43C1-9D64-347F1D23ECB7}.Release|Any CPU.Build.0 = Release|Any CPU
=======
>>>>>>> 4339450d25ade55792a0424b80a348092c60335c
	EndGlobalSection
	GlobalSection(SolutionProperties) = preSolution
		HideSolutionNode = FALSE
	EndGlobalSection
	GlobalSection(ExtensibilityGlobals) = postSolution
		SolutionGuid = {198A4C7D-E46A-45DB-B62A-59B7AF6A85B6}
	EndGlobalSection
EndGlobal
